
Microsoft Visual Studio Solution File, Format Version 12.00
# Visual Studio Version 17
VisualStudioVersion = 17.8.34330.188
MinimumVisualStudioVersion = 10.0.40219.1
Project("{9A19103F-16F7-4668-BE54-9A1E7A4F7556}") = "ShelterHelper", "ShelterHelper.csproj", "{FB39D241-3716-4B8B-A666-E80B53B6B117}"
EndProject
Global
	GlobalSection(SolutionConfigurationPlatforms) = preSolution
		Debug|Any CPU = Debug|Any CPU
		Release|Any CPU = Release|Any CPU
	EndGlobalSection
	GlobalSection(ProjectConfigurationPlatforms) = postSolution
		{FB39D241-3716-4B8B-A666-E80B53B6B117}.Debug|Any CPU.ActiveCfg = Debug|Any CPU
		{FB39D241-3716-4B8B-A666-E80B53B6B117}.Debug|Any CPU.Build.0 = Debug|Any CPU
		{FB39D241-3716-4B8B-A666-E80B53B6B117}.Release|Any CPU.ActiveCfg = Release|Any CPU
		{FB39D241-3716-4B8B-A666-E80B53B6B117}.Release|Any CPU.Build.0 = Release|Any CPU
	EndGlobalSection
	GlobalSection(SolutionProperties) = preSolution
		HideSolutionNode = FALSE
	EndGlobalSection
	GlobalSection(ExtensibilityGlobals) = postSolution
		SolutionGuid = {B43A589C-984F-48CD-8583-2606DBFB7EE2}
	EndGlobalSection
EndGlobal
